
Microsoft Visual Studio Solution File, Format Version 12.00
# Visual Studio Version 17
VisualStudioVersion = 17.7.34202.233
MinimumVisualStudioVersion = 10.0.40219.1
Project("{FAE04EC0-301F-11D3-BF4B-00C04F79EFBC}") = "financeChecker", "financeChecker.csproj", "{07EE33B7-1730-4B80-8075-AE5B17E98B02}"
EndProject
Global
	GlobalSection(SolutionConfigurationPlatforms) = preSolution
		Debug|Any CPU = Debug|Any CPU
		Release|Any CPU = Release|Any CPU
	EndGlobalSection
	GlobalSection(ProjectConfigurationPlatforms) = postSolution
		{07EE33B7-1730-4B80-8075-AE5B17E98B02}.Debug|Any CPU.ActiveCfg = Debug|Any CPU
		{07EE33B7-1730-4B80-8075-AE5B17E98B02}.Debug|Any CPU.Build.0 = Debug|Any CPU
		{07EE33B7-1730-4B80-8075-AE5B17E98B02}.Release|Any CPU.ActiveCfg = Release|Any CPU
		{07EE33B7-1730-4B80-8075-AE5B17E98B02}.Release|Any CPU.Build.0 = Release|Any CPU
	EndGlobalSection
	GlobalSection(SolutionProperties) = preSolution
		HideSolutionNode = FALSE
	EndGlobalSection
	GlobalSection(ExtensibilityGlobals) = postSolution
		SolutionGuid = {80FA3A83-0BCC-4EE8-A04B-CD03E2CA71AB}
	EndGlobalSection
EndGlobal
